PODS:
  - QXYYCache (1.0.7)
  - QXYYImage (1.0.8):
    - QXYYImage/Core (= 1.0.8)
  - QXYYImage/Core (1.0.8)
  - QXYYWebImage (1.0.6):
    - QXYYCache
    - QXYYImage

DEPENDENCIES:
  - QXYYCache
  - QXYYImage
  - QXYYWebImage

SPEC REPOS:
  trunk:
    - QXYYCache
    - QXYYImage
    - QXYYWebImage

SPEC CHECKSUMS:
  QXYYCache: 5823f89ab0be2a905e5f44840edcfa98597bf593
  QXYYImage: 85ea824ca5a170c79ba1506ef21d3e8d1e38037b
  QXYYWebImage: ff8a1e67fce7ddf6f574a1b6730eb81da16b2974

PODFILE CHECKSUM: 86b6ed854e59c6c612fe62c28dff18c72656eaa6

COCOAPODS: 1.11.2
